
Microsoft Visual Studio Solution File, Format Version 12.00
# Visual Studio Version 17
VisualStudioVersion = 17.0.31410.414
MinimumVisualStudioVersion = 10.0.40219.1
Project("{9A19103F-16F7-4668-BE54-9A1E7A4F7556}") = "Gumiho.Components", "Gumiho.Components\Gumiho.Components.csproj", "{40DA9A32-10A3-4E2D-A173-C5852EA7CE1E}"
EndProject
Project("{9A19103F-16F7-4668-BE54-9A1E7A4F7556}") = "ExamplesWASM", "ExamplesWASM\ExamplesWASM.csproj", "{EEB93D84-6345-4987-9DAF-416B977509EE}"
EndProject
Global
	GlobalSection(SolutionConfigurationPlatforms) = preSolution
		Debug|Any CPU = Debug|Any CPU
		Release|Any CPU = Release|Any CPU
	EndGlobalSection
	GlobalSection(ProjectConfigurationPlatforms) = postSolution
		{40DA9A32-10A3-4E2D-A173-C5852EA7CE1E}.Debug|Any CPU.ActiveCfg = Debug|Any CPU
		{40DA9A32-10A3-4E2D-A173-C5852EA7CE1E}.Debug|Any CPU.Build.0 = Debug|Any CPU
		{40DA9A32-10A3-4E2D-A173-C5852EA7CE1E}.Release|Any CPU.ActiveCfg = Release|Any CPU
		{40DA9A32-10A3-4E2D-A173-C5852EA7CE1E}.Release|Any CPU.Build.0 = Release|Any CPU
		{EEB93D84-6345-4987-9DAF-416B977509EE}.Debug|Any CPU.ActiveCfg = Debug|Any CPU
		{EEB93D84-6345-4987-9DAF-416B977509EE}.Debug|Any CPU.Build.0 = Debug|Any CPU
		{EEB93D84-6345-4987-9DAF-416B977509EE}.Release|Any CPU.ActiveCfg = Release|Any CPU
		{EEB93D84-6345-4987-9DAF-416B977509EE}.Release|Any CPU.Build.0 = Release|Any CPU
	EndGlobalSection
	GlobalSection(SolutionProperties) = preSolution
		HideSolutionNode = FALSE
	EndGlobalSection
	GlobalSection(ExtensibilityGlobals) = postSolution
		SolutionGuid = {AF53DDC3-F400-444D-8226-3792A6539E78}
	EndGlobalSection
EndGlobal
